
Microsoft Visual Studio Solution File, Format Version 12.00
# Visual Studio Version 17
VisualStudioVersion = 17.8.34330.188
MinimumVisualStudioVersion = 10.0.40219.1
Project("{FAE04EC0-301F-11D3-BF4B-00C04F79EFBC}") = "CSProjeDemo1", "CSProjeDemo1\CSProjeDemo1.csproj", "{84C6004F-2AF7-41A6-B1D5-4CC25D562E05}"
EndProject
Global
	GlobalSection(SolutionConfigurationPlatforms) = preSolution
		Debug|Any CPU = Debug|Any CPU
		Release|Any CPU = Release|Any CPU
	EndGlobalSection
	GlobalSection(ProjectConfigurationPlatforms) = postSolution
		{84C6004F-2AF7-41A6-B1D5-4CC25D562E05}.Debug|Any CPU.ActiveCfg = Debug|Any CPU
		{84C6004F-2AF7-41A6-B1D5-4CC25D562E05}.Debug|Any CPU.Build.0 = Debug|Any CPU
		{84C6004F-2AF7-41A6-B1D5-4CC25D562E05}.Release|Any CPU.ActiveCfg = Release|Any CPU
		{84C6004F-2AF7-41A6-B1D5-4CC25D562E05}.Release|Any CPU.Build.0 = Release|Any CPU
	EndGlobalSection
	GlobalSection(SolutionProperties) = preSolution
		HideSolutionNode = FALSE
	EndGlobalSection
	GlobalSection(ExtensibilityGlobals) = postSolution
		SolutionGuid = {DB89D99C-42ED-45D6-93A4-B6EBE3CE7BBC}
	EndGlobalSection
EndGlobal
